
Microsoft Visual Studio Solution File, Format Version 12.00
# Visual Studio 15
VisualStudioVersion = 15.0.27703.2018
MinimumVisualStudioVersion = 10.0.40219.1
Project("{FAE04EC0-301F-11D3-BF4B-00C04F79EFBC}") = "Rogero.Option", "Rogero.Option\Rogero.Option.csproj", "{60D56C6A-091B-44B9-AE42-2DE53C54C5E1}"
EndProject
Project("{FAE04EC0-301F-11D3-BF4B-00C04F79EFBC}") = "Rogero.Option.Tests", "Rogero.Option.Tests\Rogero.Option.Tests.csproj", "{A06A1912-BA22-46F2-85FD-B737EE2385C4}"
EndProject
Global
	GlobalSection(SolutionConfigurationPlatforms) = preSolution
		Debug|Any CPU = Debug|Any CPU
		Release|Any CPU = Release|Any CPU
	EndGlobalSection
	GlobalSection(ProjectConfigurationPlatforms) = postSolution
		{60D56C6A-091B-44B9-AE42-2DE53C54C5E1}.Debug|Any CPU.ActiveCfg = Debug|Any CPU
		{60D56C6A-091B-44B9-AE42-2DE53C54C5E1}.Debug|Any CPU.Build.0 = Debug|Any CPU
		{60D56C6A-091B-44B9-AE42-2DE53C54C5E1}.Release|Any CPU.ActiveCfg = Release|Any CPU
		{60D56C6A-091B-44B9-AE42-2DE53C54C5E1}.Release|Any CPU.Build.0 = Release|Any CPU
		{A06A1912-BA22-46F2-85FD-B737EE2385C4}.Debug|Any CPU.ActiveCfg = Debug|Any CPU
		{A06A1912-BA22-46F2-85FD-B737EE2385C4}.Debug|Any CPU.Build.0 = Debug|Any CPU
		{A06A1912-BA22-46F2-85FD-B737EE2385C4}.Release|Any CPU.ActiveCfg = Release|Any CPU
		{A06A1912-BA22-46F2-85FD-B737EE2385C4}.Release|Any CPU.Build.0 = Release|Any CPU
	EndGlobalSection
	GlobalSection(SolutionProperties) = preSolution
		HideSolutionNode = FALSE
	EndGlobalSection
	GlobalSection(ExtensibilityGlobals) = postSolution
		SolutionGuid = {84687AF9-6334-4A75-9BDE-583F47EB60E7}
	EndGlobalSection
EndGlobal
